<?xml version="1.0" encoding="utf-8"?>
<Project ToolsVersion="4.0" xmlns="http://schemas.microsoft.com/developer/msbuild/2003">
  <ItemGroup>
    <ClCompile Include="Source\Game\GameComponents\BackGroundMovementComponent.cpp" />
    <ClCompile Include="Source\Game\GameComponents\GenericItemComponent.cpp" />
    <ClCompile Include="Source\Game\GameComponents\PlayerMovementComponent.cpp" />
    <ClCompile Include="Source\Game\GameComponents\PlayerSoundComponent.cpp" />
    <ClCompile Include="Source\Game\GameEntities\ItemEntity.cpp" />
    <ClCompile Include="Source\Game\GameEntities\PlayerEntity.cpp" />
    <ClCompile Include="Source\GameEngine\Util\CameraManager.cpp" />
    <ClCompile Include="Source\GameEngine\EntitySystem\Components\ParticleComponent.cpp" />
    <ClCompile Include="Source\GameEngine\EntitySystem\Components\ParticleEmitterComponent.cpp" />
    <ClCompile Include="Source\GameEngine\EntitySystem\Components\SoundComponent.cpp" />
    <ClCompile Include="Source\GameEngine\Util\AnimationManager.cpp" />
    <ClCompile Include="Source\GameEngine\EntitySystem\Components\AnimationComponent.cpp" />
    <ClCompile Include="Source\GameEngine\EntitySystem\Components\CollidablePhysicsComponent.cpp" />
    <ClCompile Include="Source\GameEngine\EntitySystem\Components\CollidableComponent.cpp" />
    <ClCompile Include="Source\GameEngine\Util\CollisionManager.cpp" />
    <ClCompile Include="Source\GameEngine\Util\SoundManager.cpp" />
    <ClCompile Include="Source\Game\GameBoard.cpp" />
    <ClCompile Include="Source\GameEngine\EntitySystem\Components\RenderComponent.cpp" />
    <ClCompile Include="Source\GameEngine\EntitySystem\Component.cpp" />
    <ClCompile Include="main.cpp" />
    <ClCompile Include="Source\GameEngine\EntitySystem\Entity.cpp" />
    <ClCompile Include="Source\GameEngine\GameEngineMain.cpp" />
    <ClCompile Include="Source\GameEngine\Util\TextureManager.cpp" />
    <ClCompile Include="Source\GameEngine\EntitySystem\Components\SpriteRenderComponent.cpp" />
    <ClCompile Include="Source\Game\GameComponents\gravityComponent.cpp" />
    <ClCompile Include="Source\Game\GameEntities\FbiEntity.cpp" />
    <ClCompile Include="Source\Game\GameComponents\FbiMovementComponent.cpp" />
  </ItemGroup>
  <ItemGroup>
    <ClCompile Include="main.cpp">
      <Filter>Source Files</Filter>
    </ClCompile>
    <ClCompile Include="Source\GameEngine\GameEngineMain.cpp">
      <Filter>Source Files\GameEngine</Filter>
    </ClCompile>
    <ClCompile Include="Source\GameEngine\EntitySystem\Entity.cpp">
      <Filter>Source Files</Filter>
    </ClCompile>
    <ClCompile Include="Source\GameEngine\EntitySystem\Component.cpp">
      <Filter>Source Files</Filter>
    </ClCompile>
    <ClCompile Include="Source\GameEngine\EntitySystem\Components\RenderComponent.cpp">
      <Filter>Source Files</Filter>
    </ClCompile>
    <ClCompile Include="Source\Game\GameBoard.cpp">
      <Filter>Source Files</Filter>
    </ClCompile>
    <ClCompile Include="Source\GameEngine\Util\CollisionManager.cpp">
      <Filter>Source Files</Filter>
    </ClCompile>
    <ClCompile Include="Source\GameEngine\EntitySystem\Components\CollidableComponent.cpp">
      <Filter>Source Files</Filter>
    </ClCompile>
    <ClCompile Include="Source\GameEngine\EntitySystem\Components\CollidablePhysicsComponent.cpp">
      <Filter>Source Files</Filter>
    </ClCompile>
    <ClCompile Include="Source\GameEngine\Util\TextureManager.cpp">
      <Filter>Source Files</Filter>
    </ClCompile>
    <ClCompile Include="Source\GameEngine\EntitySystem\Components\SpriteRenderComponent.cpp">
      <Filter>Source Files</Filter>
    </ClCompile>
    <ClCompile Include="Source\GameEngine\EntitySystem\Components\AnimationComponent.cpp">
      <Filter>Source Files</Filter>
    </ClCompile>
    <ClCompile Include="Source\GameEngine\Util\AnimationManager.cpp">
      <Filter>Source Files</Filter>
    </ClCompile>
    <ClCompile Include="Source\GameEngine\EntitySystem\Components\ParticleComponent.cpp">
      <Filter>Source Files</Filter>
    </ClCompile>
    <ClCompile Include="Source\GameEngine\EntitySystem\Components\ParticleEmitterComponent.cpp">
      <Filter>Source Files</Filter>
    </ClCompile>
    <ClCompile Include="Source\GameEngine\EntitySystem\Components\SoundComponent.cpp">
      <Filter>Source Files</Filter>
    </ClCompile>
    <ClCompile Include="Source\GameEngine\Util\SoundManager.cpp">
      <Filter>Source Files</Filter>
    </ClCompile>
    <ClCompile Include="Source\GameEngine\Util\CameraManager.cpp">
      <Filter>Source Files</Filter>
    </ClCompile>
    <ClCompile Include="Source\Game\GameEntities\PlayerEntity.cpp">
      <Filter>Source Files</Filter>
    </ClCompile>
    <ClCompile Include="Source\Game\GameComponents\PlayerMovementComponent.cpp">
      <Filter>Source Files</Filter>
    </ClCompile>
    <ClCompile Include="Source\Game\GameComponents\BackGroundMovementComponent.cpp">
      <Filter>Source Files</Filter>
    </ClCompile>
    <ClCompile Include="Source\Game\GameComponents\PlayerSoundComponent.cpp">
      <Filter>Source Files</Filter>
    </ClCompile>
    <ClCompile Include="Source\Game\GameComponents\HUD.cpp">
      <Filter>Source Files</Filter>
    </ClCompile>
    <ClCompile Include="Source\Game\GameEntities\ItemEntity.cpp">
      <Filter>Source Files</Filter>
    </ClCompile>
  </ItemGroup>
  <ItemGroup>
    <ClInclude Include="Source\Game\GameComponents\BackGroundMovementComponent.h" />
    <ClInclude Include="Source\Game\GameComponents\GenericItemComponent.h" />
    <ClInclude Include="Source\Game\GameComponents\HUD.h" />
    <ClInclude Include="Source\Game\GameComponents\PlayerMovementComponent.h" />
    <ClInclude Include="Source\Game\GameComponents\PlayerSoundComponent.h" />
    <ClInclude Include="Source\Game\GameEntities\ItemEntity.h" />
    <ClInclude Include="Source\Game\GameEntities\PlayerEntity.h" />
    <ClInclude Include="Source\GameEngine\Util\CameraManager.h" />
    <ClInclude Include="Source\GameEngine\EntitySystem\Components\ParticleComponent.h" />
    <ClInclude Include="Source\GameEngine\EntitySystem\Components\ParticleEmitterComponent.h" />
    <ClInclude Include="Source\GameEngine\EntitySystem\Components\SoundComponent.h" />
    <ClInclude Include="Source\GameEngine\Util\AnimationManager.h" />
    <ClInclude Include="Source\GameEngine\EntitySystem\Components\AnimationComponent.h" />
    <ClInclude Include="Source\GameEngine\EntitySystem\Components\CollidablePhysicsComponent.h" />
    <ClInclude Include="Source\GameEngine\EntitySystem\Components\CollidableComponent.h" />
    <ClInclude Include="Source\GameEngine\Util\CollisionManager.h" />
    <ClInclude Include="Source\GameEngine\Util\SoundManager.h" />
    <ClInclude Include="Source\Game\GameBoard.h" />
    <ClInclude Include="Source\GameEngine\EntitySystem\Components\RenderComponent.h" />
    <ClInclude Include="Source\GameEngine\EntitySystem\Component.h" />
    <ClInclude Include="Source\GameEngine\EntitySystem\Entity.h" />
    <ClInclude Include="Source\GameEngine\GameEngineMain.h" />
    <ClInclude Include="Source\GameEngine\Util\TextureManager.h" />
    <ClInclude Include="Source\GameEngine\EntitySystem\Components\SpriteRenderComponent.h" />
    <ClInclude Include="Source\Game\GameComponents\BackGroundMovementComponent.h" />
    <ClInclude Include="Source\Game\GameComponents\PlayerMovementComponent.h" />
    <ClInclude Include="Source\Game\GameComponents\PlayerSoundComponent.h" />
    <ClInclude Include="Source\Game\GameEntities\ItemEntity.h" />
    <ClInclude Include="Source\Game\GameEntities\PlayerEntity.h" />
    <ClInclude Include="Source\GameEngine\Util\CameraManager.h" />
    <ClInclude Include="Source\GameEngine\EntitySystem\Components\ParticleComponent.h" />
    <ClInclude Include="Source\GameEngine\EntitySystem\Components\ParticleEmitterComponent.h" />
    <ClInclude Include="Source\GameEngine\EntitySystem\Components\SoundComponent.h" />
    <ClInclude Include="Source\GameEngine\Util\AnimationManager.h" />
    <ClInclude Include="Source\GameEngine\EntitySystem\Components\AnimationComponent.h" />
    <ClInclude Include="Source\GameEngine\EntitySystem\Components\CollidablePhysicsComponent.h" />
    <ClInclude Include="Source\GameEngine\EntitySystem\Components\CollidableComponent.h" />
    <ClInclude Include="Source\GameEngine\Util\CollisionManager.h" />
    <ClInclude Include="Source\GameEngine\Util\SoundManager.h" />
    <ClInclude Include="Source\Game\GameBoard.h" />
    <ClInclude Include="Source\GameEngine\EntitySystem\Components\RenderComponent.h" />
    <ClInclude Include="Source\GameEngine\EntitySystem\Component.h" />
    <ClInclude Include="Source\GameEngine\EntitySystem\Entity.h" />
    <ClInclude Include="Source\GameEngine\GameEngineMain.h" />
    <ClInclude Include="Source\GameEngine\Util\TextureManager.h" />
    <ClInclude Include="Source\GameEngine\EntitySystem\Components\SpriteRenderComponent.h" />
    <ClInclude Include="Source\Game\GameComponents\gravityComponent.h" />
    <ClInclude Include="Source\Game\GameEntities\FbiEntity.h" />
    <ClInclude Include="Source\Game\GameComponents\FbiMovementComponent.h" />
  </ItemGroup>
</Project>